
Microsoft Visual Studio Solution File, Format Version 12.00
# Visual Studio Version 17
VisualStudioVersion = 17.11.35327.3
MinimumVisualStudioVersion = 10.0.40219.1
Project("{FAE04EC0-301F-11D3-BF4B-00C04F79EFBC}") = "COMAVI_SA", "COMAVI_SA.csproj", "{BC81F870-7D30-4176-BFA3-8115B359865D}"
EndProject
Global
	GlobalSection(SolutionConfigurationPlatforms) = preSolution
		Debug|Any CPU = Debug|Any CPU
		Release|Any CPU = Release|Any CPU
	EndGlobalSection
	GlobalSection(ProjectConfigurationPlatforms) = postSolution
		{BC81F870-7D30-4176-BFA3-8115B359865D}.Debug|Any CPU.ActiveCfg = Debug|Any CPU
		{BC81F870-7D30-4176-BFA3-8115B359865D}.Debug|Any CPU.Build.0 = Debug|Any CPU
		{BC81F870-7D30-4176-BFA3-8115B359865D}.Release|Any CPU.ActiveCfg = Release|Any CPU
		{BC81F870-7D30-4176-BFA3-8115B359865D}.Release|Any CPU.Build.0 = Release|Any CPU
	EndGlobalSection
	GlobalSection(SolutionProperties) = preSolution
		HideSolutionNode = FALSE
	EndGlobalSection
	GlobalSection(ExtensibilityGlobals) = postSolution
		SolutionGuid = {FC4AFE6F-95A4-464E-86EF-B4663F0D8300}
	EndGlobalSection
EndGlobal
